
Microsoft Visual Studio Solution File, Format Version 12.00
# Visual Studio Version 16
VisualStudioVersion = 16.0.29609.76
MinimumVisualStudioVersion = 10.0.40219.1
Project("{9A19103F-16F7-4668-BE54-9A1E7A4F7556}") = "BeeGees_WriteNode", "BeeGees_WriteNode\BeeGees_WriteNode.csproj", "{6379FE78-744B-4A05-B518-E673EF9EC496}"
EndProject
Project("{9A19103F-16F7-4668-BE54-9A1E7A4F7556}") = "BeeGees_Messaging", "BeeGees_Messaging\BeeGees_Messaging.csproj", "{A717AF51-C4BA-4BFA-9089-9FF600A1C973}"
EndProject
Project("{9A19103F-16F7-4668-BE54-9A1E7A4F7556}") = "CompileProtos", "CompileProtos\CompileProtos.csproj", "{1634BD8B-68C8-4942-B922-37F6D07BAF95}"
EndProject
Project("{9A19103F-16F7-4668-BE54-9A1E7A4F7556}") = "BeeGees_ReadNode", "BeeGees_ReadNode\BeeGees_ReadNode.csproj", "{8C12F103-E5C9-4CF2-AF46-D41BE5D9FDE9}"
EndProject
Project("{FAE04EC0-301F-11D3-BF4B-00C04F79EFBC}") = "BeeGees_Client", "BeeGees_Client\BeeGees_Client.csproj", "{DF67BE9E-ABD3-4374-BA6B-D649C5E54983}"
EndProject
Global
	GlobalSection(SolutionConfigurationPlatforms) = preSolution
		Debug|Any CPU = Debug|Any CPU
		Release|Any CPU = Release|Any CPU
	EndGlobalSection
	GlobalSection(ProjectConfigurationPlatforms) = postSolution
		{6379FE78-744B-4A05-B518-E673EF9EC496}.Debug|Any CPU.ActiveCfg = Debug|Any CPU
		{6379FE78-744B-4A05-B518-E673EF9EC496}.Debug|Any CPU.Build.0 = Debug|Any CPU
		{6379FE78-744B-4A05-B518-E673EF9EC496}.Release|Any CPU.ActiveCfg = Release|Any CPU
		{6379FE78-744B-4A05-B518-E673EF9EC496}.Release|Any CPU.Build.0 = Release|Any CPU
		{A717AF51-C4BA-4BFA-9089-9FF600A1C973}.Debug|Any CPU.ActiveCfg = Debug|Any CPU
		{A717AF51-C4BA-4BFA-9089-9FF600A1C973}.Debug|Any CPU.Build.0 = Debug|Any CPU
		{A717AF51-C4BA-4BFA-9089-9FF600A1C973}.Release|Any CPU.ActiveCfg = Release|Any CPU
		{A717AF51-C4BA-4BFA-9089-9FF600A1C973}.Release|Any CPU.Build.0 = Release|Any CPU
		{1634BD8B-68C8-4942-B922-37F6D07BAF95}.Debug|Any CPU.ActiveCfg = Debug|Any CPU
		{1634BD8B-68C8-4942-B922-37F6D07BAF95}.Debug|Any CPU.Build.0 = Debug|Any CPU
		{1634BD8B-68C8-4942-B922-37F6D07BAF95}.Release|Any CPU.ActiveCfg = Release|Any CPU
		{1634BD8B-68C8-4942-B922-37F6D07BAF95}.Release|Any CPU.Build.0 = Release|Any CPU
		{8C12F103-E5C9-4CF2-AF46-D41BE5D9FDE9}.Debug|Any CPU.ActiveCfg = Debug|Any CPU
		{8C12F103-E5C9-4CF2-AF46-D41BE5D9FDE9}.Debug|Any CPU.Build.0 = Debug|Any CPU
		{8C12F103-E5C9-4CF2-AF46-D41BE5D9FDE9}.Release|Any CPU.ActiveCfg = Release|Any CPU
		{8C12F103-E5C9-4CF2-AF46-D41BE5D9FDE9}.Release|Any CPU.Build.0 = Release|Any CPU
		{DF67BE9E-ABD3-4374-BA6B-D649C5E54983}.Debug|Any CPU.ActiveCfg = Debug|Any CPU
		{DF67BE9E-ABD3-4374-BA6B-D649C5E54983}.Debug|Any CPU.Build.0 = Debug|Any CPU
		{DF67BE9E-ABD3-4374-BA6B-D649C5E54983}.Release|Any CPU.ActiveCfg = Release|Any CPU
		{DF67BE9E-ABD3-4374-BA6B-D649C5E54983}.Release|Any CPU.Build.0 = Release|Any CPU
	EndGlobalSection
	GlobalSection(SolutionProperties) = preSolution
		HideSolutionNode = FALSE
	EndGlobalSection
	GlobalSection(ExtensibilityGlobals) = postSolution
		SolutionGuid = {A976CE7B-9672-47D0-AA0D-0E407C014CAB}
	EndGlobalSection
EndGlobal
